{
    "name": "manage",
    "lockfileVersion": 3,
    "requires": true,
    "packages": {
        "": {
            "dependencies": {
                "bootstrap": "^5.3.8",
                "bootstrap-icons": "^1.13.1",
                "flatpickr": "^4.6.13",
                "htmx.org": "^2.0.6",
                "sortablejs": "^1.15.6",
                "tinymce": "^8.0.2"
            }
        },
        "node_modules/@popperjs/core": {
            "version": "2.11.8",
            "resolved": "https://registry.npmjs.org/@popperjs/core/-/core-2.11.8.tgz",
            "integrity": "sha512-P1st0aksCrn9sGZhp8GMYwBnQsbvAWsZAX44oXNNvLHGqAOcoVxmjZiohstwQ7SqKnbR47akdNi+uleWD8+g6A==",
            "license": "MIT",
            "peer": true,
            "funding": {
                "type": "opencollective",
                "url": "https://opencollective.com/popperjs"
            }
        },
        "node_modules/bootstrap": {
            "version": "5.3.8",
            "resolved": "https://registry.npmjs.org/bootstrap/-/bootstrap-5.3.8.tgz",
            "integrity": "sha512-HP1SZDqaLDPwsNiqRqi5NcP0SSXciX2s9E+RyqJIIqGo+vJeN5AJVM98CXmW/Wux0nQ5L7jeWUdplCEf0Ee+tg==",
            "funding": [
                {
                    "type": "github",
                    "url": "https://github.com/sponsors/twbs"
                },
                {
                    "type": "opencollective",
                    "url": "https://opencollective.com/bootstrap"
                }
            ],
            "license": "MIT",
            "peerDependencies": {
                "@popperjs/core": "^2.11.8"
            }
        },
        "node_modules/bootstrap-icons": {
            "version": "1.13.1",
            "resolved": "https://registry.npmjs.org/bootstrap-icons/-/bootstrap-icons-1.13.1.tgz",
            "integrity": "sha512-ijombt4v6bv5CLeXvRWKy7CuM3TRTuPEuGaGKvTV5cz65rQSY8RQ2JcHt6b90cBBAC7s8fsf2EkQDldzCoXUjw==",
            "funding": [
                {
                    "type": "github",
                    "url": "https://github.com/sponsors/twbs"
                },
                {
                    "type": "opencollective",
                    "url": "https://opencollective.com/bootstrap"
                }
            ],
            "license": "MIT"
        },
        "node_modules/flatpickr": {
            "version": "4.6.13",
            "resolved": "https://registry.npmjs.org/flatpickr/-/flatpickr-4.6.13.tgz",
            "integrity": "sha512-97PMG/aywoYpB4IvbvUJi0RQi8vearvU0oov1WW3k0WZPBMrTQVqekSX5CjSG/M4Q3i6A/0FKXC7RyAoAUUSPw==",
            "license": "MIT"
        },
        "node_modules/htmx.org": {
            "version": "2.0.10",
            "resolved": "https://registry.npmjs.org/htmx.org/-/htmx.org-2.0.10.tgz",
            "integrity": "sha512-kdeJe7ZVwaS6QMz/ebBIVtZdpwen6L0OQ5GOhPV9MKBb196TCZeZu4yA7ZIQsaLKv7EpXz+So7KSXNuHXhj7Cw==",
            "license": "0BSD"
        },
        "node_modules/sortablejs": {
            "version": "1.15.7",
            "resolved": "https://registry.npmjs.org/sortablejs/-/sortablejs-1.15.7.tgz",
            "integrity": "sha512-Kk8wLQPlS+yi1ZEf48a4+fzHa4yxjC30M/Sr2AnQu+f/MPwvvX9XjZ6OWejiz8crBsLwSq8GHqaxaET7u6ux0A==",
            "license": "MIT"
        },
        "node_modules/tinymce": {
            "version": "8.9.1",
            "resolved": "https://registry.npmjs.org/tinymce/-/tinymce-8.9.1.tgz",
            "integrity": "sha512-5KrFiuKri2sPQW3ERWodsx3R0RZiw0cJJDr61qaMQiXO1ir3ZYaf6gVVaao+T29spZ9L9waaeE/co8Ov2Rn3vQ==",
            "license": "SEE LICENSE IN license.md"
        }
    }
}
