{
    "name": "manage",
    "lockfileVersion": 3,
    "requires": true,
    "packages": {
        "": {
            "dependencies": {
                "bootstrap": "^5.3.8",
                "bootstrap-icons": "^1.13.1",
                "flatpickr": "^4.6.13",
                "htmx.org": "^2.0.6",
                "sortablejs": "^1.15.6",
                "swiper": "^11.2.10",
                "tinymce": "^8.0.2"
            }
        },
        "node_modules/@popperjs/core": {
            "version": "2.11.8",
            "resolved": "https://registry.npmjs.org/@popperjs/core/-/core-2.11.8.tgz",
            "integrity": "sha512-P1st0aksCrn9sGZhp8GMYwBnQsbvAWsZAX44oXNNvLHGqAOcoVxmjZiohstwQ7SqKnbR47akdNi+uleWD8+g6A==",
            "license": "MIT",
            "peer": true,
            "funding": {
                "type": "opencollective",
                "url": "https://opencollective.com/popperjs"
            }
        },
        "node_modules/bootstrap": {
            "version": "5.3.8",
            "resolved": "https://registry.npmjs.org/bootstrap/-/bootstrap-5.3.8.tgz",
            "integrity": "sha512-HP1SZDqaLDPwsNiqRqi5NcP0SSXciX2s9E+RyqJIIqGo+vJeN5AJVM98CXmW/Wux0nQ5L7jeWUdplCEf0Ee+tg==",
            "funding": [
                {
                    "type": "github",
                    "url": "https://github.com/sponsors/twbs"
                },
                {
                    "type": "opencollective",
                    "url": "https://opencollective.com/bootstrap"
                }
            ],
            "license": "MIT",
            "peerDependencies": {
                "@popperjs/core": "^2.11.8"
            }
        },
        "node_modules/bootstrap-icons": {
            "version": "1.13.1",
            "resolved": "https://registry.npmjs.org/bootstrap-icons/-/bootstrap-icons-1.13.1.tgz",
            "integrity": "sha512-ijombt4v6bv5CLeXvRWKy7CuM3TRTuPEuGaGKvTV5cz65rQSY8RQ2JcHt6b90cBBAC7s8fsf2EkQDldzCoXUjw==",
            "funding": [
                {
                    "type": "github",
                    "url": "https://github.com/sponsors/twbs"
                },
                {
                    "type": "opencollective",
                    "url": "https://opencollective.com/bootstrap"
                }
            ],
            "license": "MIT"
        },
        "node_modules/flatpickr": {
            "version": "4.6.13",
            "resolved": "https://registry.npmjs.org/flatpickr/-/flatpickr-4.6.13.tgz",
            "integrity": "sha512-97PMG/aywoYpB4IvbvUJi0RQi8vearvU0oov1WW3k0WZPBMrTQVqekSX5CjSG/M4Q3i6A/0FKXC7RyAoAUUSPw==",
            "license": "MIT"
        },
        "node_modules/htmx.org": {
            "version": "2.0.6",
            "resolved": "https://registry.npmjs.org/htmx.org/-/htmx.org-2.0.6.tgz",
            "integrity": "sha512-7ythjYneGSk3yCHgtCnQeaoF+D+o7U2LF37WU3O0JYv3gTZSicdEFiI/Ai/NJyC5ZpYJWMpUb11OC5Lr6AfAqA==",
            "license": "0BSD"
        },
        "node_modules/sortablejs": {
            "version": "1.15.6",
            "resolved": "https://registry.npmjs.org/sortablejs/-/sortablejs-1.15.6.tgz",
            "integrity": "sha512-aNfiuwMEpfBM/CN6LY0ibyhxPfPbyFeBTYJKCvzkJ2GkUpazIt3H+QIPAMHwqQ7tMKaHz1Qj+rJJCqljnf4p3A==",
            "license": "MIT"
        },
        "node_modules/swiper": {
            "version": "11.2.10",
            "resolved": "https://registry.npmjs.org/swiper/-/swiper-11.2.10.tgz",
            "integrity": "sha512-RMeVUUjTQH+6N3ckimK93oxz6Sn5la4aDlgPzB+rBrG/smPdCTicXyhxa+woIpopz+jewEloiEE3lKo1h9w2YQ==",
            "funding": [
                {
                    "type": "patreon",
                    "url": "https://www.patreon.com/swiperjs"
                },
                {
                    "type": "open_collective",
                    "url": "http://opencollective.com/swiper"
                }
            ],
            "license": "MIT",
            "engines": {
                "node": ">= 4.7.0"
            }
        },
        "node_modules/tinymce": {
            "version": "8.0.2",
            "resolved": "https://registry.npmjs.org/tinymce/-/tinymce-8.0.2.tgz",
            "integrity": "sha512-Gkvn5mRcZCAK1EKP7hnk3VBzwqPbqpZU2AN0T08BMtvmY9Sg0C0ZqmMghJCQ3vgo+LWA38pDOPiaM8EW7BZEow==",
            "license": "GPL-2.0-or-later"
        }
    }
}
